{
  "name": "Actual Portfolio",
  "lockfileVersion": 3,
  "requires": true,
  "packages": {
    "": {
      "dependencies": {
        "pnpm": "^8.15.6"
      }
    },
    "node_modules/pnpm": {
      "version": "8.15.6",
      "resolved": "https://registry.npmjs.org/pnpm/-/pnpm-8.15.6.tgz",
      "integrity": "sha512-d7iem+d6Kwatj0A6Gcrl4il29hAj+YrTI9XDAZSVjrwC7gpq5dE+5FT2E05OjK8poF8LGg4dKxe8prah8RWfhg==",
      "bin": {
        "pnpm": "bin/pnpm.cjs",
        "pnpx": "bin/pnpx.cjs"
      },
      "engines": {
        "node": ">=16.14"
      },
      "funding": {
        "url": "https://opencollective.com/pnpm"
      }
    }
  }
}
